{
    "_readme": [
        "This file locks the dependencies of your project to a known state",
        "Read more about it at http://getcomposer.org/doc/01-basic-usage.md#composer-lock-the-lock-file"
    ],
    "hash": "55b43d3ba1f42491787b835b4062d03e",
    "packages": [
        {
            "name": "guzzle/guzzle",
            "version": "dev-master",
            "source": {
                "type": "git",
                "url": "https://github.com/guzzle/guzzle.git",
                "reference": "b170b028c6bb5799640e46c8803015b0f9a45ed9"
            },
            "dist": {
                "type": "zip",
                "url": "https://api.github.com/repos/guzzle/guzzle/zipball/b170b028c6bb5799640e46c8803015b0f9a45ed9",
                "reference": "b170b028c6bb5799640e46c8803015b0f9a45ed9",
                "shasum": ""
            },
            "require": {
                "ext-curl": "*",
                "php": ">=5.3.3",
                "symfony/event-dispatcher": ">=2.1"
            },
            "replace": {
                "guzzle/batch": "self.version",
                "guzzle/cache": "self.version",
                "guzzle/common": "self.version",
                "guzzle/http": "self.version",
                "guzzle/inflection": "self.version",
                "guzzle/iterator": "self.version",
                "guzzle/log": "self.version",
                "guzzle/parser": "self.version",
                "guzzle/plugin": "self.version",
                "guzzle/plugin-async": "self.version",
                "guzzle/plugin-backoff": "self.version",
                "guzzle/plugin-cache": "self.version",
                "guzzle/plugin-cookie": "self.version",
                "guzzle/plugin-curlauth": "self.version",
                "guzzle/plugin-error-response": "self.version",
                "guzzle/plugin-history": "self.version",
                "guzzle/plugin-log": "self.version",
                "guzzle/plugin-md5": "self.version",
                "guzzle/plugin-mock": "self.version",
                "guzzle/plugin-oauth": "self.version",
                "guzzle/service": "self.version",
                "guzzle/stream": "self.version"
            },
            "require-dev": {
                "doctrine/cache": "*",
                "monolog/monolog": "1.*",
                "phpunit/phpunit": "3.7.*",
                "psr/log": "1.0.*",
                "symfony/class-loader": "*",
                "zendframework/zend-cache": "2.0.*",
                "zendframework/zend-log": "2.0.*"
            },
            "type": "library",
            "extra": {
                "branch-alias": {
                    "dev-master": "3.7-dev"
                }
            },
            "autoload": {
                "psr-0": {
                    "Guzzle\\Tests": "tests/",
                    "Guzzle": "src/"
                }
            },
            "notification-url": "https://packagist.org/downloads/",
            "license": [
                "MIT"
            ],
            "authors": [
                {
                    "name": "Michael Dowling",
                    "email": "mtdowling@gmail.com",
                    "homepage": "https://github.com/mtdowling"
                },
                {
                    "name": "Guzzle Community",
                    "homepage": "https://github.com/guzzle/guzzle/contributors"
                }
            ],
            "description": "Guzzle is a PHP HTTP client library and framework for building RESTful web service clients",
            "homepage": "http://guzzlephp.org/",
            "keywords": [
                "client",
                "curl",
                "framework",
                "http",
                "http client",
                "rest",
                "web service"
            ],
            "time": "2013-10-02 20:47:00"
        },
        {
            "name": "querypath/querypath",
            "version": "dev-master",
            "source": {
                "type": "git",
                "url": "https://github.com/technosophos/querypath.git",
                "reference": "0f57cee46e736f7192d0057e1a34921460be5636"
            },
            "dist": {
                "type": "zip",
                "url": "https://api.github.com/repos/technosophos/querypath/zipball/0f57cee46e736f7192d0057e1a34921460be5636",
                "reference": "0f57cee46e736f7192d0057e1a34921460be5636",
                "shasum": ""
            },
            "require": {
                "php": ">=5.3.0"
            },
            "type": "library",
            "autoload": {
                "psr-0": {
                    "QueryPath": "src/"
                },
                "files": [
                    "src/qp_functions.php"
                ]
            },
            "notification-url": "https://packagist.org/downloads/",
            "license": [
                "MIT"
            ],
            "description": "HTML/XML querying (CSS 4 or XPath) and processing (like jQuery)",
            "homepage": "https://github.com/technosophos/querypath",
            "keywords": [
                "css",
                "html",
                "jquery",
                "xml",
                "xslt"
            ],
            "time": "2013-10-03 15:52:13"
        },
        {
            "name": "symfony/event-dispatcher",
            "version": "dev-master",
            "target-dir": "Symfony/Component/EventDispatcher",
            "source": {
                "type": "git",
                "url": "https://github.com/symfony/EventDispatcher.git",
                "reference": "9b4fe5757870682eb2251e283228a66d938265a8"
            },
            "dist": {
                "type": "zip",
                "url": "https://api.github.com/repos/symfony/EventDispatcher/zipball/9b4fe5757870682eb2251e283228a66d938265a8",
                "reference": "9b4fe5757870682eb2251e283228a66d938265a8",
                "shasum": ""
            },
            "require": {
                "php": ">=5.3.3"
            },
            "require-dev": {
                "symfony/dependency-injection": "~2.0"
            },
            "suggest": {
                "symfony/dependency-injection": "",
                "symfony/http-kernel": ""
            },
            "type": "library",
            "extra": {
                "branch-alias": {
                    "dev-master": "2.4-dev"
                }
            },
            "autoload": {
                "psr-0": {
                    "Symfony\\Component\\EventDispatcher\\": ""
                }
            },
            "notification-url": "https://packagist.org/downloads/",
            "license": [
                "MIT"
            ],
            "authors": [
                {
                    "name": "Fabien Potencier",
                    "email": "fabien@symfony.com"
                },
                {
                    "name": "Symfony Community",
                    "homepage": "http://symfony.com/contributors"
                }
            ],
            "description": "Symfony EventDispatcher Component",
            "homepage": "http://symfony.com",
            "time": "2013-09-19 09:47:34"
        },
        {
            "name": "webignition/internet-media-type",
            "version": "0.4.4",
            "source": {
                "type": "git",
                "url": "https://github.com/webignition/internet-media-type.git",
                "reference": "de30f77c5e9d3584b8bdfba29dce5517f10c9ab1"
            },
            "dist": {
                "type": "zip",
                "url": "https://api.github.com/repos/webignition/internet-media-type/zipball/de30f77c5e9d3584b8bdfba29dce5517f10c9ab1",
                "reference": "de30f77c5e9d3584b8bdfba29dce5517f10c9ab1",
                "shasum": ""
            },
            "require": {
                "php": ">=5.3.0",
                "webignition/quoted-string": ">=0.1,<2.0",
                "webignition/string-parser": ">=0.2.1, <2.0"
            },
            "type": "library",
            "autoload": {
                "psr-0": {
                    "": "src/"
                }
            },
            "notification-url": "https://packagist.org/downloads/",
            "license": [
                "MIT"
            ],
            "authors": [
                {
                    "name": "Jon Cram",
                    "email": "jon@webignition.net"
                }
            ],
            "description": "PHP model of an http://en.wikipedia.org/wiki/Internet_media_type",
            "homepage": "https://github.com/webignition/internet-media-type",
            "keywords": [
                "content type",
                "content-type",
                "internet media type",
                "media type",
                "media-type"
            ],
            "time": "2013-09-05 16:34:19"
        },
        {
            "name": "webignition/quoted-string",
            "version": "0.1",
            "source": {
                "type": "git",
                "url": "https://github.com/webignition/quoted-string.git",
                "reference": "0.1"
            },
            "dist": {
                "type": "zip",
                "url": "https://github.com/webignition/quoted-string/zipball/0.1",
                "reference": "0.1",
                "shasum": ""
            },
            "require": {
                "php": ">=5.3.0"
            },
            "type": "library",
            "autoload": {
                "psr-0": {
                    "": "src/"
                }
            },
            "notification-url": "https://packagist.org/downloads/",
            "license": [
                "MIT"
            ],
            "authors": [
                {
                    "name": "Jon Cram",
                    "email": "jon@webignition.net"
                }
            ],
            "description": "A parser for string values that are encapsulated in double quotes (ASCII 34)",
            "homepage": "https://github.com/webignition/quoted-string",
            "keywords": [
                "parser",
                "quoted-string"
            ],
            "time": "2012-08-15 09:52:06"
        },
        {
            "name": "webignition/string-parser",
            "version": "0.2.1",
            "source": {
                "type": "git",
                "url": "https://github.com/webignition/string-parser.git",
                "reference": "0.2.1"
            },
            "dist": {
                "type": "zip",
                "url": "https://api.github.com/repos/webignition/string-parser/zipball/0.2.1",
                "reference": "0.2.1",
                "shasum": ""
            },
            "require": {
                "php": ">=5.3.0"
            },
            "type": "library",
            "autoload": {
                "psr-0": {
                    "": "src/"
                }
            },
            "notification-url": "https://packagist.org/downloads/",
            "license": [
                "MIT"
            ],
            "authors": [
                {
                    "name": "Jon Cram",
                    "email": "jon@webignition.net"
                }
            ],
            "description": "Abstract state-based string parser",
            "homepage": "https://github.com/webignition/string-parser",
            "keywords": [
                "parser",
                "string"
            ],
            "time": "2013-03-18 14:32:24"
        },
        {
            "name": "webignition/url",
            "version": "1.9.3",
            "source": {
                "type": "git",
                "url": "https://github.com/webignition/url.git",
                "reference": "c93cae6c5d5fc8fe4834877a697bc9764c365045"
            },
            "dist": {
                "type": "zip",
                "url": "https://api.github.com/repos/webignition/url/zipball/c93cae6c5d5fc8fe4834877a697bc9764c365045",
                "reference": "c93cae6c5d5fc8fe4834877a697bc9764c365045",
                "shasum": ""
            },
            "require": {
                "ext-intl": "*",
                "php": ">=5.3.0"
            },
            "type": "library",
            "autoload": {
                "psr-0": {
                    "": "src/"
                }
            },
            "notification-url": "https://packagist.org/downloads/",
            "license": [
                "MIT"
            ],
            "authors": [
                {
                    "name": "Jon Cram",
                    "email": "jon@webignition.net"
                }
            ],
            "description": "Represents a URL, a library to be used in many other places. Applies semantically-lossless normalisation for comparisons.",
            "homepage": "https://github.com/webignition/url",
            "keywords": [
                "url"
            ],
            "time": "2013-10-03 10:01:18"
        },
        {
            "name": "webignition/web-page-model",
            "version": "0.6",
            "source": {
                "type": "git",
                "url": "https://github.com/webignition/web-page-model.git",
                "reference": "5ef875a2a4e2863aae7a26820d31ad5f2072afb1"
            },
            "dist": {
                "type": "zip",
                "url": "https://api.github.com/repos/webignition/web-page-model/zipball/5ef875a2a4e2863aae7a26820d31ad5f2072afb1",
                "reference": "5ef875a2a4e2863aae7a26820d31ad5f2072afb1",
                "shasum": ""
            },
            "require": {
                "php": ">=5.3.0",
                "querypath/querypath": ">=3.0.0",
                "webignition/internet-media-type": ">=0.1,<1.0",
                "webignition/web-resource-model": ">=0.1,<2.0"
            },
            "type": "library",
            "autoload": {
                "psr-0": {
                    "": "src/"
                }
            },
            "notification-url": "https://packagist.org/downloads/",
            "license": [
                "MIT"
            ],
            "authors": [
                {
                    "name": "Jon Cram",
                    "email": "jon@webignition.net"
                }
            ],
            "description": "Model of a web page, based off webignition/web-resource-model",
            "homepage": "https://github.com/webignition/web-page-model",
            "keywords": [
                "model",
                "webpage"
            ],
            "time": "2013-09-05 16:13:43"
        },
        {
            "name": "webignition/web-resource-model",
            "version": "0.4",
            "source": {
                "type": "git",
                "url": "https://github.com/webignition/web-resource-model.git",
                "reference": "0.4"
            },
            "dist": {
                "type": "zip",
                "url": "https://github.com/webignition/web-resource-model/zipball/0.4",
                "reference": "0.4",
                "shasum": ""
            },
            "require": {
                "php": ">=5.3.0",
                "webignition/internet-media-type": ">=0.1,<2.0"
            },
            "type": "library",
            "autoload": {
                "psr-0": {
                    "": "src/"
                }
            },
            "license": [
                "MIT"
            ],
            "authors": [
                {
                    "name": "Jon Cram",
                    "email": "jon@webignition.net"
                }
            ],
            "description": "Model of a web-based resource",
            "homepage": "https://github.com/webignition/web-resource-model",
            "keywords": [
                "modem",
                "web"
            ],
            "time": "2012-08-16 15:16:06"
        }
    ],
    "packages-dev": [

    ],
    "aliases": [

    ],
    "minimum-stability": "dev",
    "stability-flags": [

    ],
    "platform": {
        "php": ">=5.3.0"
    },
    "platform-dev": [

    ]
}
